
Microsoft Visual Studio Solution File, Format Version 12.00
# Visual Studio Version 17
VisualStudioVersion = 17.0.31612.314
MinimumVisualStudioVersion = 10.0.40219.1
Project("{9A19103F-16F7-4668-BE54-9A1E7A4F7556}") = "BlazorIntegration", "BlazorIntegration\BlazorIntegration.csproj", "{056E1F27-2ECC-4F6D-8105-C057D132434B}"
EndProject
Project("{9A19103F-16F7-4668-BE54-9A1E7A4F7556}") = "BlazorIntegration.WinUI", "BlazorIntegration.WinUI\BlazorIntegration.WinUI.csproj", "{CBF4546C-7F7A-4E89-9902-B064EABAB1F5}"
EndProject
Project("{FAE04EC0-301F-11D3-BF4B-00C04F79EFBC}") = "RazorLibrary", "RazorLibrary\RazorLibrary.csproj", "{74416DD7-BC17-4A97-91CF-866DF57DAEE5}"
EndProject
Global
	GlobalSection(SolutionConfigurationPlatforms) = preSolution
		Debug|Any CPU = Debug|Any CPU
		Release|Any CPU = Release|Any CPU
	EndGlobalSection
	GlobalSection(ProjectConfigurationPlatforms) = postSolution
		{056E1F27-2ECC-4F6D-8105-C057D132434B}.Debug|Any CPU.ActiveCfg = Debug|Any CPU
		{056E1F27-2ECC-4F6D-8105-C057D132434B}.Debug|Any CPU.Build.0 = Debug|Any CPU
		{056E1F27-2ECC-4F6D-8105-C057D132434B}.Debug|Any CPU.Deploy.0 = Debug|Any CPU
		{056E1F27-2ECC-4F6D-8105-C057D132434B}.Release|Any CPU.ActiveCfg = Release|Any CPU
		{056E1F27-2ECC-4F6D-8105-C057D132434B}.Release|Any CPU.Build.0 = Release|Any CPU
		{056E1F27-2ECC-4F6D-8105-C057D132434B}.Release|Any CPU.Deploy.0 = Release|Any CPU
		{CBF4546C-7F7A-4E89-9902-B064EABAB1F5}.Debug|Any CPU.ActiveCfg = Debug|Any CPU
		{CBF4546C-7F7A-4E89-9902-B064EABAB1F5}.Debug|Any CPU.Build.0 = Debug|Any CPU
		{CBF4546C-7F7A-4E89-9902-B064EABAB1F5}.Debug|Any CPU.Deploy.0 = Debug|Any CPU
		{CBF4546C-7F7A-4E89-9902-B064EABAB1F5}.Release|Any CPU.ActiveCfg = Release|Any CPU
		{CBF4546C-7F7A-4E89-9902-B064EABAB1F5}.Release|Any CPU.Build.0 = Release|Any CPU
		{CBF4546C-7F7A-4E89-9902-B064EABAB1F5}.Release|Any CPU.Deploy.0 = Release|Any CPU
		{74416DD7-BC17-4A97-91CF-866DF57DAEE5}.Debug|Any CPU.ActiveCfg = Debug|Any CPU
		{74416DD7-BC17-4A97-91CF-866DF57DAEE5}.Debug|Any CPU.Build.0 = Debug|Any CPU
		{74416DD7-BC17-4A97-91CF-866DF57DAEE5}.Release|Any CPU.ActiveCfg = Release|Any CPU
		{74416DD7-BC17-4A97-91CF-866DF57DAEE5}.Release|Any CPU.Build.0 = Release|Any CPU
	EndGlobalSection
	GlobalSection(SolutionProperties) = preSolution
		HideSolutionNode = FALSE
	EndGlobalSection
	GlobalSection(ExtensibilityGlobals) = postSolution
		SolutionGuid = {61F7FB11-1E47-470C-91E2-47F8143E1572}
	EndGlobalSection
EndGlobal
